
Microsoft Visual Studio Solution File, Format Version 12.00
# Visual Studio Version 16
VisualStudioVersion = 16.0.29613.14
MinimumVisualStudioVersion = 10.0.40219.1
Project("{FAE04EC0-301F-11D3-BF4B-00C04F79EFBC}") = "NaNoE.V2", "NaNoE.V2.csproj", "{B42D48B2-7ADC-4136-802F-A630A7533D4E}"
EndProject
Global
	GlobalSection(SolutionConfigurationPlatforms) = preSolution
		Debug|Any CPU = Debug|Any CPU
		Debug|x64 = Debug|x64
		Release|Any CPU = Release|Any CPU
		Release|x64 = Release|x64
	EndGlobalSection
	GlobalSection(ProjectConfigurationPlatforms) = postSolution
		{B42D48B2-7ADC-4136-802F-A630A7533D4E}.Debug|Any CPU.ActiveCfg = Debug|Any CPU
		{B42D48B2-7ADC-4136-802F-A630A7533D4E}.Debug|Any CPU.Build.0 = Debug|Any CPU
		{B42D48B2-7ADC-4136-802F-A630A7533D4E}.Debug|x64.ActiveCfg = Debug|x64
		{B42D48B2-7ADC-4136-802F-A630A7533D4E}.Debug|x64.Build.0 = Debug|x64
		{B42D48B2-7ADC-4136-802F-A630A7533D4E}.Release|Any CPU.ActiveCfg = Release|Any CPU
		{B42D48B2-7ADC-4136-802F-A630A7533D4E}.Release|Any CPU.Build.0 = Release|Any CPU
		{B42D48B2-7ADC-4136-802F-A630A7533D4E}.Release|x64.ActiveCfg = Release|x64
		{B42D48B2-7ADC-4136-802F-A630A7533D4E}.Release|x64.Build.0 = Release|x64
	EndGlobalSection
	GlobalSection(SolutionProperties) = preSolution
		HideSolutionNode = FALSE
	EndGlobalSection
	GlobalSection(ExtensibilityGlobals) = postSolution
		SolutionGuid = {ADE364D1-F1F4-479A-9180-A134F59701D2}
	EndGlobalSection
EndGlobal
