
Microsoft Visual Studio Solution File, Format Version 12.00
# Visual Studio 15
VisualStudioVersion = 15.0.28307.168
MinimumVisualStudioVersion = 10.0.40219.1
Project("{FAE04EC0-301F-11D3-BF4B-00C04F79EFBC}") = "NaNoE", "NaNoE\NaNoE.csproj", "{41D29E11-FD7E-45D1-B8DC-AA8C3BF751DA}"
EndProject
Global
	GlobalSection(SolutionConfigurationPlatforms) = preSolution
		Debug|Any CPU = Debug|Any CPU
		Debug|x64 = Debug|x64
		Release|Any CPU = Release|Any CPU
		Release|x64 = Release|x64
	EndGlobalSection
	GlobalSection(ProjectConfigurationPlatforms) = postSolution
		{41D29E11-FD7E-45D1-B8DC-AA8C3BF751DA}.Debug|Any CPU.ActiveCfg = Debug|Any CPU
		{41D29E11-FD7E-45D1-B8DC-AA8C3BF751DA}.Debug|Any CPU.Build.0 = Debug|Any CPU
		{41D29E11-FD7E-45D1-B8DC-AA8C3BF751DA}.Debug|x64.ActiveCfg = Debug|x64
		{41D29E11-FD7E-45D1-B8DC-AA8C3BF751DA}.Debug|x64.Build.0 = Debug|x64
		{41D29E11-FD7E-45D1-B8DC-AA8C3BF751DA}.Release|Any CPU.ActiveCfg = Release|Any CPU
		{41D29E11-FD7E-45D1-B8DC-AA8C3BF751DA}.Release|Any CPU.Build.0 = Release|Any CPU
		{41D29E11-FD7E-45D1-B8DC-AA8C3BF751DA}.Release|x64.ActiveCfg = Release|x64
		{41D29E11-FD7E-45D1-B8DC-AA8C3BF751DA}.Release|x64.Build.0 = Release|x64
	EndGlobalSection
	GlobalSection(SolutionProperties) = preSolution
		HideSolutionNode = FALSE
	EndGlobalSection
	GlobalSection(ExtensibilityGlobals) = postSolution
		SolutionGuid = {A90BB422-0C56-4632-A477-4D75CD5C5BB0}
	EndGlobalSection
EndGlobal
